{
  "lockfileVersion": 1,
  "configVersion": 1,
  "workspaces": {
    "": {
      "name": "claudewatch",
      "devDependencies": {
        "bun-types": "^1.3.10",
        "typescript": "^5.7.0",
      },
    },
    "packages/core": {
      "name": "@claudewatch/core",
      "version": "0.1.0",
    },
    "packages/statusline": {
      "name": "@claudewatch/statusline",
      "version": "0.1.0",
      "dependencies": {
        "@claudewatch/core": "workspace:*",
      },
    },
    "packages/vscode": {
      "name": "claudewatch-vscode",
      "version": "0.1.0",
      "dependencies": {
        "@claudewatch/core": "workspace:*",
      },
      "devDependencies": {
        "@types/vscode": "^1.85.0",
      },
    },
  },
  "packages": {
    "@claudewatch/core": ["@claudewatch/core@workspace:packages/core"],

    "@claudewatch/statusline": ["@claudewatch/statusline@workspace:packages/statusline"],

    "@types/node": ["@types/node@25.4.0", "", { "dependencies": { "undici-types": "~7.18.0" } }, "sha512-9wLpoeWuBlcbBpOY3XmzSTG3oscB6xjBEEtn+pYXTfhyXhIxC5FsBer2KTopBlvKEiW9l13po9fq+SJY/5lkhw=="],

    "@types/vscode": ["@types/vscode@1.110.0", "", {}, "sha512-AGuxUEpU4F4mfuQjxPPaQVyuOMhs+VT/xRok1jiHVBubHK7lBRvCuOMZG0LKUwxncrPorJ5qq/uil3IdZBd5lA=="],

    "bun-types": ["bun-types@1.3.10", "", { "dependencies": { "@types/node": "*" } }, "sha512-tcpfCCl6XWo6nCVnpcVrxQ+9AYN1iqMIzgrSKYMB/fjLtV2eyAVEg7AxQJuCq/26R6HpKWykQXuSOq/21RYcbg=="],

    "claudewatch-vscode": ["claudewatch-vscode@workspace:packages/vscode"],

    "typescript": ["typescript@5.9.3", "", { "bin": { "tsc": "bin/tsc", "tsserver": "bin/tsserver" } }, "sha512-jl1vZzPDinLr9eUt3J/t7V6FgNEw9QjvBPdysz9KfQDD41fQrC2Y4vKQdiaUpFT4bXlb1RHhLpp8wtm6M5TgSw=="],

    "undici-types": ["undici-types@7.18.2", "", {}, "sha512-AsuCzffGHJybSaRrmr5eHr81mwJU3kjw6M+uprWvCXiNeN9SOGwQ3Jn8jb8m3Z6izVgknn1R0FTCEAP2QrLY/w=="],
  }
}
